// !$*UTF8*$!
{
	archiveVersion = 1;
	classes = {
	};
	objectVersion = 50;
	objects = {

/* Begin PBXBuildFile section */
		B26E233F244A15BB003EA66A /* AppDelegate.swift in Sources */ = {isa = PBXBuildFile; fileRef = B26E233E244A15BB003EA66A /* AppDelegate.swift */; };
		B26E2341244A15BB003EA66A /* SceneDelegate.swift in Sources */ = {isa = PBXBuildFile; fileRef = B26E2340244A15BB003EA66A /* SceneDelegate.swift */; };
		B26E2343244A15BB003EA66A /* LoginViewController.swift in Sources */ = {isa = PBXBuildFile; fileRef = B26E2342244A15BB003EA66A /* LoginViewController.swift */; };
		B26E2346244A15BB003EA66A /* Main.storyboard in Resources */ = {isa = PBXBuildFile; fileRef = B26E2344244A15BB003EA66A /* Main.storyboard */; };
		B26E2348244A15BF003EA66A /* Assets.xcassets in Resources */ = {isa = PBXBuildFile; fileRef = B26E2347244A15BF003EA66A /* Assets.xcassets */; };
		B26E234B244A15BF003EA66A /* LaunchScreen.storyboard in Resources */ = {isa = PBXBuildFile; fileRef = B26E2349244A15BF003EA66A /* LaunchScreen.storyboard */; };
		B26E2353244A176F003EA66A /* TabarViewController.swift in Sources */ = {isa = PBXBuildFile; fileRef = B26E2352244A176F003EA66A /* TabarViewController.swift */; };
		B26E2355244A17DC003EA66A /* HomeViewController.swift in Sources */ = {isa = PBXBuildFile; fileRef = B26E2354244A17DC003EA66A /* HomeViewController.swift */; };
		B26E2357244A17E7003EA66A /* SearchViewController.swift in Sources */ = {isa = PBXBuildFile; fileRef = B26E2356244A17E7003EA66A /* SearchViewController.swift */; };
		B26E2359244A17F7003EA66A /* ProfileViewController.swift in Sources */ = {isa = PBXBuildFile; fileRef = B26E2358244A17F7003EA66A /* ProfileViewController.swift */; };
		B26E235B244A180A003EA66A /* UploadViewController.swift in Sources */ = {isa = PBXBuildFile; fileRef = B26E235A244A180A003EA66A /* UploadViewController.swift */; };
		B26E235D244A1904003EA66A /* ManageJobViewController.swift in Sources */ = {isa = PBXBuildFile; fileRef = B26E235C244A1904003EA66A /* ManageJobViewController.swift */; };
		B26E235F244A1B32003EA66A /* NaviViewController.swift in Sources */ = {isa = PBXBuildFile; fileRef = B26E235E244A1B32003EA66A /* NaviViewController.swift */; };
		B26E2368244A34B6003EA66A /* BannerCell.swift in Sources */ = {isa = PBXBuildFile; fileRef = B26E2367244A34B6003EA66A /* BannerCell.swift */; };
		B26E236A244A34E1003EA66A /* BannerItem.swift in Sources */ = {isa = PBXBuildFile; fileRef = B26E2369244A34E1003EA66A /* BannerItem.swift */; };
		B29A921A244D643400B5FF88 /* JobTimeCell.swift in Sources */ = {isa = PBXBuildFile; fileRef = B29A9219244D643400B5FF88 /* JobTimeCell.swift */; };
		B29A921C244D674600B5FF88 /* HeaderJobTimeCell.swift in Sources */ = {isa = PBXBuildFile; fileRef = B29A921B244D674600B5FF88 /* HeaderJobTimeCell.swift */; };
		B29A921E244D6AFF00B5FF88 /* salaryCell.swift in Sources */ = {isa = PBXBuildFile; fileRef = B29A921D244D6AFF00B5FF88 /* salaryCell.swift */; };
		B29A9220244D749100B5FF88 /* testViewController.swift in Sources */ = {isa = PBXBuildFile; fileRef = B29A921F244D749100B5FF88 /* testViewController.swift */; };
		B2FDA4BE244AA23600A86DE3 /* Data.swift in Sources */ = {isa = PBXBuildFile; fileRef = B2FDA4BD244AA23600A86DE3 /* Data.swift */; };
		B2FDA4C1244AAB9200A86DE3 /* DetailJTimeViewController.swift in Sources */ = {isa = PBXBuildFile; fileRef = B2FDA4C0244AAB9200A86DE3 /* DetailJTimeViewController.swift */; };
		B2FDA4C3244AABED00A86DE3 /* DetailJprodViewController.swift in Sources */ = {isa = PBXBuildFile; fileRef = B2FDA4C2244AABED00A86DE3 /* DetailJprodViewController.swift */; };
		B2FDA4C5244AB3AD00A86DE3 /* footerCell.swift in Sources */ = {isa = PBXBuildFile; fileRef = B2FDA4C4244AB3AD00A86DE3 /* footerCell.swift */; };
		B2FDA4C7244AB92C00A86DE3 /* JobCell.swift in Sources */ = {isa = PBXBuildFile; fileRef = B2FDA4C6244AB92C00A86DE3 /* JobCell.swift */; };
		B2FDA4C9244AE0C300A86DE3 /* CollectionViewCell.swift in Sources */ = {isa = PBXBuildFile; fileRef = B2FDA4C8244AE0C300A86DE3 /* CollectionViewCell.swift */; };
		B2FDA4CB244AEC5900A86DE3 /* MoreCell.swift in Sources */ = {isa = PBXBuildFile; fileRef = B2FDA4CA244AEC5900A86DE3 /* MoreCell.swift */; };
/* End PBXBuildFile section */

/* Begin PBXFileReference section */
		B26E233B244A15BB003EA66A /* DemoQuickJob.app */ = {isa = PBXFileReference; explicitFileType = wrapper.application; includeInIndex = 0; path = DemoQuickJob.app; sourceTree = BUILT_PRODUCTS_DIR; };
		B26E233E244A15BB003EA66A /* AppDelegate.swift */ = {isa = PBXFileReference; lastKnownFileType = sourcecode.swift; path = AppDelegate.swift; sourceTree = "<group>"; };
		B26E2340244A15BB003EA66A /* SceneDelegate.swift */ = {isa = PBXFileReference; lastKnownFileType = sourcecode.swift; path = SceneDelegate.swift; sourceTree = "<group>"; };
		B26E2342244A15BB003EA66A /* LoginViewController.swift */ = {isa = PBXFileReference; lastKnownFileType = sourcecode.swift; path = LoginViewController.swift; sourceTree = "<group>"; };
		B26E2345244A15BB003EA66A /* Base */ = {isa = PBXFileReference; lastKnownFileType = file.storyboard; name = Base; path = Base.lproj/Main.storyboard; sourceTree = "<group>"; };
		B26E2347244A15BF003EA66A /* Assets.xcassets */ = {isa = PBXFileReference; lastKnownFileType = folder.assetcatalog; path = Assets.xcassets; sourceTree = "<group>"; };
		B26E234A244A15BF003EA66A /* Base */ = {isa = PBXFileReference; lastKnownFileType = file.storyboard; name = Base; path = Base.lproj/LaunchScreen.storyboard; sourceTree = "<group>"; };
		B26E234C244A15BF003EA66A /* Info.plist */ = {isa = PBXFileReference; lastKnownFileType = text.plist.xml; path = Info.plist; sourceTree = "<group>"; };
		B26E2352244A176F003EA66A /* TabarViewController.swift */ = {isa = PBXFileReference; lastKnownFileType = sourcecode.swift; path = TabarViewController.swift; sourceTree = "<group>"; };
		B26E2354244A17DC003EA66A /* HomeViewController.swift */ = {isa = PBXFileReference; lastKnownFileType = sourcecode.swift; path = HomeViewController.swift; sourceTree = "<group>"; };
		B26E2356244A17E7003EA66A /* SearchViewController.swift */ = {isa = PBXFileReference; lastKnownFileType = sourcecode.swift; path = SearchViewController.swift; sourceTree = "<group>"; };
		B26E2358244A17F7003EA66A /* ProfileViewController.swift */ = {isa = PBXFileReference; lastKnownFileType = sourcecode.swift; path = ProfileViewController.swift; sourceTree = "<group>"; };
		B26E235A244A180A003EA66A /* UploadViewController.swift */ = {isa = PBXFileReference; lastKnownFileType = sourcecode.swift; path = UploadViewController.swift; sourceTree = "<group>"; };
		B26E235C244A1904003EA66A /* ManageJobViewController.swift */ = {isa = PBXFileReference; lastKnownFileType = sourcecode.swift; path = ManageJobViewController.swift; sourceTree = "<group>"; };
		B26E235E244A1B32003EA66A /* NaviViewController.swift */ = {isa = PBXFileReference; lastKnownFileType = sourcecode.swift; path = NaviViewController.swift; sourceTree = "<group>"; };
		B26E2367244A34B6003EA66A /* BannerCell.swift */ = {isa = PBXFileReference; lastKnownFileType = sourcecode.swift; path = BannerCell.swift; sourceTree = "<group>"; };
		B26E2369244A34E1003EA66A /* BannerItem.swift */ = {isa = PBXFileReference; lastKnownFileType = sourcecode.swift; path = BannerItem.swift; sourceTree = "<group>"; };
		B29A9219244D643400B5FF88 /* JobTimeCell.swift */ = {isa = PBXFileReference; lastKnownFileType = sourcecode.swift; path = JobTimeCell.swift; sourceTree = "<group>"; };
		B29A921B244D674600B5FF88 /* HeaderJobTimeCell.swift */ = {isa = PBXFileReference; lastKnownFileType = sourcecode.swift; path = HeaderJobTimeCell.swift; sourceTree = "<group>"; };
		B29A921D244D6AFF00B5FF88 /* salaryCell.swift */ = {isa = PBXFileReference; lastKnownFileType = sourcecode.swift; path = salaryCell.swift; sourceTree = "<group>"; };
		B29A921F244D749100B5FF88 /* testViewController.swift */ = {isa = PBXFileReference; lastKnownFileType = sourcecode.swift; path = testViewController.swift; sourceTree = "<group>"; };
		B2FDA4BD244AA23600A86DE3 /* Data.swift */ = {isa = PBXFileReference; lastKnownFileType = sourcecode.swift; path = Data.swift; sourceTree = "<group>"; };
		B2FDA4C0244AAB9200A86DE3 /* DetailJTimeViewController.swift */ = {isa = PBXFileReference; lastKnownFileType = sourcecode.swift; path = DetailJTimeViewController.swift; sourceTree = "<group>"; };
		B2FDA4C2244AABED00A86DE3 /* DetailJprodViewController.swift */ = {isa = PBXFileReference; lastKnownFileType = sourcecode.swift; path = DetailJprodViewController.swift; sourceTree = "<group>"; };
		B2FDA4C4244AB3AD00A86DE3 /* footerCell.swift */ = {isa = PBXFileReference; lastKnownFileType = sourcecode.swift; path = footerCell.swift; sourceTree = "<group>"; };
		B2FDA4C6244AB92C00A86DE3 /* JobCell.swift */ = {isa = PBXFileReference; lastKnownFileType = sourcecode.swift; path = JobCell.swift; sourceTree = "<group>"; };
		B2FDA4C8244AE0C300A86DE3 /* CollectionViewCell.swift */ = {isa = PBXFileReference; lastKnownFileType = sourcecode.swift; path = CollectionViewCell.swift; sourceTree = "<group>"; };
		B2FDA4CA244AEC5900A86DE3 /* MoreCell.swift */ = {isa = PBXFileReference; lastKnownFileType = sourcecode.swift; path = MoreCell.swift; sourceTree = "<group>"; };
/* End PBXFileReference section */

/* Begin PBXFrameworksBuildPhase section */
		B26E2338244A15BB003EA66A /* Frameworks */ = {
			isa = PBXFrameworksBuildPhase;
			buildActionMask = 2147483647;
			files = (
			);
			runOnlyForDeploymentPostprocessing = 0;
		};
/* End PBXFrameworksBuildPhase section */

/* Begin PBXGroup section */
		B26E2332244A15BB003EA66A = {
			isa = PBXGroup;
			children = (
				B26E233D244A15BB003EA66A /* DemoQuickJob */,
				B26E233C244A15BB003EA66A /* Products */,
			);
			sourceTree = "<group>";
		};
		B26E233C244A15BB003EA66A /* Products */ = {
			isa = PBXGroup;
			children = (
				B26E233B244A15BB003EA66A /* DemoQuickJob.app */,
			);
			name = Products;
			sourceTree = "<group>";
		};
		B26E233D244A15BB003EA66A /* DemoQuickJob */ = {
			isa = PBXGroup;
			children = (
				B26E233E244A15BB003EA66A /* AppDelegate.swift */,
				B26E2340244A15BB003EA66A /* SceneDelegate.swift */,
				B26E2347244A15BF003EA66A /* Assets.xcassets */,
				B26E2344244A15BB003EA66A /* Main.storyboard */,
				B26E2349244A15BF003EA66A /* LaunchScreen.storyboard */,
				B26E234C244A15BF003EA66A /* Info.plist */,
				B26E2360244A3411003EA66A /* ViewController */,
				B2FDA4BD244AA23600A86DE3 /* Data.swift */,
			);
			path = DemoQuickJob;
			sourceTree = "<group>";
		};
		B26E2360244A3411003EA66A /* ViewController */ = {
			isa = PBXGroup;
			children = (
				B26E235E244A1B32003EA66A /* NaviViewController.swift */,
				B26E2352244A176F003EA66A /* TabarViewController.swift */,
				B26E2366244A3450003EA66A /* login */,
				B26E2365244A3443003EA66A /* profile */,
				B26E2364244A343C003EA66A /* manage */,
				B26E2363244A342B003EA66A /* Upload */,
				B26E2362244A3425003EA66A /* Search */,
				B26E2361244A341F003EA66A /* Home */,
				B2FDA4BF244AAB7400A86DE3 /* Detail Job */,
				B2FDA4C8244AE0C300A86DE3 /* CollectionViewCell.swift */,
				B29A921F244D749100B5FF88 /* testViewController.swift */,
			);
			path = ViewController;
			sourceTree = "<group>";
		};
		B26E2361244A341F003EA66A /* Home */ = {
			isa = PBXGroup;
			children = (
				B26E2354244A17DC003EA66A /* HomeViewController.swift */,
				B26E2367244A34B6003EA66A /* BannerCell.swift */,
				B26E2369244A34E1003EA66A /* BannerItem.swift */,
				B2FDA4C4244AB3AD00A86DE3 /* footerCell.swift */,
				B2FDA4C6244AB92C00A86DE3 /* JobCell.swift */,
				B2FDA4CA244AEC5900A86DE3 /* MoreCell.swift */,
			);
			path = Home;
			sourceTree = "<group>";
		};
		B26E2362244A3425003EA66A /* Search */ = {
			isa = PBXGroup;
			children = (
				B26E2356244A17E7003EA66A /* SearchViewController.swift */,
			);
			path = Search;
			sourceTree = "<group>";
		};
		B26E2363244A342B003EA66A /* Upload */ = {
			isa = PBXGroup;
			children = (
				B26E235A244A180A003EA66A /* UploadViewController.swift */,
			);
			path = Upload;
			sourceTree = "<group>";
		};
		B26E2364244A343C003EA66A /* manage */ = {
			isa = PBXGroup;
			children = (
				B26E235C244A1904003EA66A /* ManageJobViewController.swift */,
			);
			path = manage;
			sourceTree = "<group>";
		};
		B26E2365244A3443003EA66A /* profile */ = {
			isa = PBXGroup;
			children = (
				B26E2358244A17F7003EA66A /* ProfileViewController.swift */,
			);
			path = profile;
			sourceTree = "<group>";
		};
		B26E2366244A3450003EA66A /* login */ = {
			isa = PBXGroup;
			children = (
				B26E2342244A15BB003EA66A /* LoginViewController.swift */,
			);
			path = login;
			sourceTree = "<group>";
		};
		B2FDA4BF244AAB7400A86DE3 /* Detail Job */ = {
			isa = PBXGroup;
			children = (
				B2FDA4C0244AAB9200A86DE3 /* DetailJTimeViewController.swift */,
				B2FDA4C2244AABED00A86DE3 /* DetailJprodViewController.swift */,
				B29A9219244D643400B5FF88 /* JobTimeCell.swift */,
				B29A921B244D674600B5FF88 /* HeaderJobTimeCell.swift */,
				B29A921D244D6AFF00B5FF88 /* salaryCell.swift */,
			);
			path = "Detail Job";
			sourceTree = "<group>";
		};
/* End PBXGroup section */

/* Begin PBXNativeTarget section */
		B26E233A244A15BB003EA66A /* DemoQuickJob */ = {
			isa = PBXNativeTarget;
			buildConfigurationList = B26E234F244A15BF003EA66A /* Build configuration list for PBXNativeTarget "DemoQuickJob" */;
			buildPhases = (
				B26E2337244A15BB003EA66A /* Sources */,
				B26E2338244A15BB003EA66A /* Frameworks */,
				B26E2339244A15BB003EA66A /* Resources */,
			);
			buildRules = (
			);
			dependencies = (
			);
			name = DemoQuickJob;
			productName = DemoQuickJob;
			productReference = B26E233B244A15BB003EA66A /* DemoQuickJob.app */;
			productType = "com.apple.product-type.application";
		};
/* End PBXNativeTarget section */

/* Begin PBXProject section */
		B26E2333244A15BB003EA66A /* Project object */ = {
			isa = PBXProject;
			attributes = {
				LastSwiftUpdateCheck = 1130;
				LastUpgradeCheck = 1130;
				ORGANIZATIONNAME = HongDang;
				TargetAttributes = {
					B26E233A244A15BB003EA66A = {
						CreatedOnToolsVersion = 11.3.1;
					};
				};
			};
			buildConfigurationList = B26E2336244A15BB003EA66A /* Build configuration list for PBXProject "DemoQuickJob" */;
			compatibilityVersion = "Xcode 9.3";
			developmentRegion = en;
			hasScannedForEncodings = 0;
			knownRegions = (
				en,
				Base,
			);
			mainGroup = B26E2332244A15BB003EA66A;
			productRefGroup = B26E233C244A15BB003EA66A /* Products */;
			projectDirPath = "";
			projectRoot = "";
			targets = (
				B26E233A244A15BB003EA66A /* DemoQuickJob */,
			);
		};
/* End PBXProject section */

/* Begin PBXResourcesBuildPhase section */
		B26E2339244A15BB003EA66A /* Resources */ = {
			isa = PBXResourcesBuildPhase;
			buildActionMask = 2147483647;
			files = (
				B26E234B244A15BF003EA66A /* LaunchScreen.storyboard in Resources */,
				B26E2348244A15BF003EA66A /* Assets.xcassets in Resources */,
				B26E2346244A15BB003EA66A /* Main.storyboard in Resources */,
			);
			runOnlyForDeploymentPostprocessing = 0;
		};
/* End PBXResourcesBuildPhase section */

/* Begin PBXSourcesBuildPhase section */
		B26E2337244A15BB003EA66A /* Sources */ = {
			isa = PBXSourcesBuildPhase;
			buildActionMask = 2147483647;
			files = (
				B26E2357244A17E7003EA66A /* SearchViewController.swift in Sources */,
				B26E235D244A1904003EA66A /* ManageJobViewController.swift in Sources */,
				B29A921A244D643400B5FF88 /* JobTimeCell.swift in Sources */,
				B29A921E244D6AFF00B5FF88 /* salaryCell.swift in Sources */,
				B2FDA4C9244AE0C300A86DE3 /* CollectionViewCell.swift in Sources */,
				B26E235B244A180A003EA66A /* UploadViewController.swift in Sources */,
				B2FDA4C1244AAB9200A86DE3 /* DetailJTimeViewController.swift in Sources */,
				B26E2355244A17DC003EA66A /* HomeViewController.swift in Sources */,
				B29A921C244D674600B5FF88 /* HeaderJobTimeCell.swift in Sources */,
				B26E236A244A34E1003EA66A /* BannerItem.swift in Sources */,
				B26E235F244A1B32003EA66A /* NaviViewController.swift in Sources */,
				B2FDA4C3244AABED00A86DE3 /* DetailJprodViewController.swift in Sources */,
				B26E2343244A15BB003EA66A /* LoginViewController.swift in Sources */,
				B26E2353244A176F003EA66A /* TabarViewController.swift in Sources */,
				B2FDA4C5244AB3AD00A86DE3 /* footerCell.swift in Sources */,
				B2FDA4BE244AA23600A86DE3 /* Data.swift in Sources */,
				B26E2359244A17F7003EA66A /* ProfileViewController.swift in Sources */,
				B2FDA4C7244AB92C00A86DE3 /* JobCell.swift in Sources */,
				B29A9220244D749100B5FF88 /* testViewController.swift in Sources */,
				B26E233F244A15BB003EA66A /* AppDelegate.swift in Sources */,
				B2FDA4CB244AEC5900A86DE3 /* MoreCell.swift in Sources */,
				B26E2341244A15BB003EA66A /* SceneDelegate.swift in Sources */,
				B26E2368244A34B6003EA66A /* BannerCell.swift in Sources */,
			);
			runOnlyForDeploymentPostprocessing = 0;
		};
/* End PBXSourcesBuildPhase section */

/* Begin PBXVariantGroup section */
		B26E2344244A15BB003EA66A /* Main.storyboard */ = {
			isa = PBXVariantGroup;
			children = (
				B26E2345244A15BB003EA66A /* Base */,
			);
			name = Main.storyboard;
			sourceTree = "<group>";
		};
		B26E2349244A15BF003EA66A /* LaunchScreen.storyboard */ = {
			isa = PBXVariantGroup;
			children = (
				B26E234A244A15BF003EA66A /* Base */,
			);
			name = LaunchScreen.storyboard;
			sourceTree = "<group>";
		};
/* End PBXVariantGroup section */

/* Begin XCBuildConfiguration section */
		B26E234D244A15BF003EA66A /* Debug */ = {
			isa = XCBuildConfiguration;
			buildSettings = {
				ALWAYS_SEARCH_USER_PATHS = NO;
				CLANG_ANALYZER_NONNULL = YES;
				CLANG_ANALYZER_NUMBER_OBJECT_CONVERSION = YES_AGGRESSIVE;
				CLANG_CXX_LANGUAGE_STANDARD = "gnu++14";
				CLANG_CXX_LIBRARY = "libc++";
				CLANG_ENABLE_MODULES = YES;
				CLANG_ENABLE_OBJC_ARC = YES;
				CLANG_ENABLE_OBJC_WEAK = YES;
				CLANG_WARN_BLOCK_CAPTURE_AUTORELEASING = YES;
				CLANG_WARN_BOOL_CONVERSION = YES;
				CLANG_WARN_COMMA = YES;
				CLANG_WARN_CONSTANT_CONVERSION = YES;
				CLANG_WARN_DEPRECATED_OBJC_IMPLEMENTATIONS = YES;
				CLANG_WARN_DIRECT_OBJC_ISA_USAGE = YES_ERROR;
				CLANG_WARN_DOCUMENTATION_COMMENTS = YES;
				CLANG_WARN_EMPTY_BODY = YES;
				CLANG_WARN_ENUM_CONVERSION = YES;
				CLANG_WARN_INFINITE_RECURSION = YES;
				CLANG_WARN_INT_CONVERSION = YES;
				CLANG_WARN_NON_LITERAL_NULL_CONVERSION = YES;
				CLANG_WARN_OBJC_IMPLICIT_RETAIN_SELF = YES;
				CLANG_WARN_OBJC_LITERAL_CONVERSION = YES;
				CLANG_WARN_OBJC_ROOT_CLASS = YES_ERROR;
				CLANG_WARN_RANGE_LOOP_ANALYSIS = YES;
				CLANG_WARN_STRICT_PROTOTYPES = YES;
				CLANG_WARN_SUSPICIOUS_MOVE = YES;
				CLANG_WARN_UNGUARDED_AVAILABILITY = YES_AGGRESSIVE;
				CLANG_WARN_UNREACHABLE_CODE = YES;
				CLANG_WARN__DUPLICATE_METHOD_MATCH = YES;
				COPY_PHASE_STRIP = NO;
				DEBUG_INFORMATION_FORMAT = dwarf;
				ENABLE_STRICT_OBJC_MSGSEND = YES;
				ENABLE_TESTABILITY = YES;
				GCC_C_LANGUAGE_STANDARD = gnu11;
				GCC_DYNAMIC_NO_PIC = NO;
				GCC_NO_COMMON_BLOCKS = YES;
				GCC_OPTIMIZATION_LEVEL = 0;
				GCC_PREPROCESSOR_DEFINITIONS = (
					"DEBUG=1",
					"$(inherited)",
				);
				GCC_WARN_64_TO_32_BIT_CONVERSION = YES;
				GCC_WARN_ABOUT_RETURN_TYPE = YES_ERROR;
				GCC_WARN_UNDECLARED_SELECTOR = YES;
				GCC_WARN_UNINITIALIZED_AUTOS = YES_AGGRESSIVE;
				GCC_WARN_UNUSED_FUNCTION = YES;
				GCC_WARN_UNUSED_VARIABLE = YES;
				IPHONEOS_DEPLOYMENT_TARGET = 13.2;
				MTL_ENABLE_DEBUG_INFO = INCLUDE_SOURCE;
				MTL_FAST_MATH = YES;
				ONLY_ACTIVE_ARCH = YES;
				SDKROOT = iphoneos;
				SWIFT_ACTIVE_COMPILATION_CONDITIONS = DEBUG;
				SWIFT_OPTIMIZATION_LEVEL = "-Onone";
			};
			name = Debug;
		};
		B26E234E244A15BF003EA66A /* Release */ = {
			isa = XCBuildConfiguration;
			buildSettings = {
				ALWAYS_SEARCH_USER_PATHS = NO;
				CLANG_ANALYZER_NONNULL = YES;
				CLANG_ANALYZER_NUMBER_OBJECT_CONVERSION = YES_AGGRESSIVE;
				CLANG_CXX_LANGUAGE_STANDARD = "gnu++14";
				CLANG_CXX_LIBRARY = "libc++";
				CLANG_ENABLE_MODULES = YES;
				CLANG_ENABLE_OBJC_ARC = YES;
				CLANG_ENABLE_OBJC_WEAK = YES;
				CLANG_WARN_BLOCK_CAPTURE_AUTORELEASING = YES;
				CLANG_WARN_BOOL_CONVERSION = YES;
				CLANG_WARN_COMMA = YES;
				CLANG_WARN_CONSTANT_CONVERSION = YES;
				CLANG_WARN_DEPRECATED_OBJC_IMPLEMENTATIONS = YES;
				CLANG_WARN_DIRECT_OBJC_ISA_USAGE = YES_ERROR;
				CLANG_WARN_DOCUMENTATION_COMMENTS = YES;
				CLANG_WARN_EMPTY_BODY = YES;
				CLANG_WARN_ENUM_CONVERSION = YES;
				CLANG_WARN_INFINITE_RECURSION = YES;
				CLANG_WARN_INT_CONVERSION = YES;
				CLANG_WARN_NON_LITERAL_NULL_CONVERSION = YES;
				CLANG_WARN_OBJC_IMPLICIT_RETAIN_SELF = YES;
				CLANG_WARN_OBJC_LITERAL_CONVERSION = YES;
				CLANG_WARN_OBJC_ROOT_CLASS = YES_ERROR;
				CLANG_WARN_RANGE_LOOP_ANALYSIS = YES;
				CLANG_WARN_STRICT_PROTOTYPES = YES;
				CLANG_WARN_SUSPICIOUS_MOVE = YES;
				CLANG_WARN_UNGUARDED_AVAILABILITY = YES_AGGRESSIVE;
				CLANG_WARN_UNREACHABLE_CODE = YES;
				CLANG_WARN__DUPLICATE_METHOD_MATCH = YES;
				COPY_PHASE_STRIP = NO;
				DEBUG_INFORMATION_FORMAT = "dwarf-with-dsym";
				ENABLE_NS_ASSERTIONS = NO;
				ENABLE_STRICT_OBJC_MSGSEND = YES;
				GCC_C_LANGUAGE_STANDARD = gnu11;
				GCC_NO_COMMON_BLOCKS = YES;
				GCC_WARN_64_TO_32_BIT_CONVERSION = YES;
				GCC_WARN_ABOUT_RETURN_TYPE = YES_ERROR;
				GCC_WARN_UNDECLARED_SELECTOR = YES;
				GCC_WARN_UNINITIALIZED_AUTOS = YES_AGGRESSIVE;
				GCC_WARN_UNUSED_FUNCTION = YES;
				GCC_WARN_UNUSED_VARIABLE = YES;
				IPHONEOS_DEPLOYMENT_TARGET = 13.2;
				MTL_ENABLE_DEBUG_INFO = NO;
				MTL_FAST_MATH = YES;
				SDKROOT = iphoneos;
				SWIFT_COMPILATION_MODE = wholemodule;
				SWIFT_OPTIMIZATION_LEVEL = "-O";
				VALIDATE_PRODUCT = YES;
			};
			name = Release;
		};
		B26E2350244A15BF003EA66A /* Debug */ = {
			isa = XCBuildConfiguration;
			buildSettings = {
				ASSETCATALOG_COMPILER_APPICON_NAME = AppIcon;
				CODE_SIGN_STYLE = Automatic;
				DEVELOPMENT_TEAM = DFW74L548G;
				INFOPLIST_FILE = DemoQuickJob/Info.plist;
				LD_RUNPATH_SEARCH_PATHS = (
					"$(inherited)",
					"@executable_path/Frameworks",
				);
				PRODUCT_BUNDLE_IDENTIFIER = com.mrDa.DemoQuickJob;
				PRODUCT_NAME = "$(TARGET_NAME)";
				SWIFT_VERSION = 5.0;
				TARGETED_DEVICE_FAMILY = "1,2";
			};
			name = Debug;
		};
		B26E2351244A15BF003EA66A /* Release */ = {
			isa = XCBuildConfiguration;
			buildSettings = {
				ASSETCATALOG_COMPILER_APPICON_NAME = AppIcon;
				CODE_SIGN_STYLE = Automatic;
				DEVELOPMENT_TEAM = DFW74L548G;
				INFOPLIST_FILE = DemoQuickJob/Info.plist;
				LD_RUNPATH_SEARCH_PATHS = (
					"$(inherited)",
					"@executable_path/Frameworks",
				);
				PRODUCT_BUNDLE_IDENTIFIER = com.mrDa.DemoQuickJob;
				PRODUCT_NAME = "$(TARGET_NAME)";
				SWIFT_VERSION = 5.0;
				TARGETED_DEVICE_FAMILY = "1,2";
			};
			name = Release;
		};
/* End XCBuildConfiguration section */

/* Begin XCConfigurationList section */
		B26E2336244A15BB003EA66A /* Build configuration list for PBXProject "DemoQuickJob" */ = {
			isa = XCConfigurationList;
			buildConfigurations = (
				B26E234D244A15BF003EA66A /* Debug */,
				B26E234E244A15BF003EA66A /* Release */,
			);
			defaultConfigurationIsVisible = 0;
			defaultConfigurationName = Release;
		};
		B26E234F244A15BF003EA66A /* Build configuration list for PBXNativeTarget "DemoQuickJob" */ = {
			isa = XCConfigurationList;
			buildConfigurations = (
				B26E2350244A15BF003EA66A /* Debug */,
				B26E2351244A15BF003EA66A /* Release */,
			);
			defaultConfigurationIsVisible = 0;
			defaultConfigurationName = Release;
		};
/* End XCConfigurationList section */
	};
	rootObject = B26E2333244A15BB003EA66A /* Project object */;
}
